{
  "name": "shop_test",
  "lockfileVersion": 3,
  "requires": true,
  "packages": {
    "": {
      "dependencies": {
        "bootstrap-input-spinner": "^3.3.2"
      }
    },
    "node_modules/bootstrap-input-spinner": {
      "version": "3.3.2",
      "resolved": "https://registry.npmjs.org/bootstrap-input-spinner/-/bootstrap-input-spinner-3.3.2.tgz",
      "integrity": "sha512-m2q7odn5m51BcnMDy1P/bX71R9VFI69XTEVlWfGUkrpMdDX9VMpRoxpC/N/GZDgdwD7/PWJntVwak4qp41FwTg=="
    }
  }
}
